// !$*UTF8*$!
{
	archiveVersion = 1;
	classes = {
	};
	objectVersion = 50;
	objects = {

/* Begin PBXBuildFile section */
		CAF90183229EDAE700B9B847 /* AppDelegate.swift in Sources */ = {isa = PBXBuildFile; fileRef = CAF90182229EDAE700B9B847 /* AppDelegate.swift */; };
		CAF90188229EDAE700B9B847 /* Main.storyboard in Resources */ = {isa = PBXBuildFile; fileRef = CAF90186229EDAE700B9B847 /* Main.storyboard */; };
		CAF9018A229EDAE900B9B847 /* Assets.xcassets in Resources */ = {isa = PBXBuildFile; fileRef = CAF90189229EDAE900B9B847 /* Assets.xcassets */; };
		CAF9018D229EDAE900B9B847 /* LaunchScreen.storyboard in Resources */ = {isa = PBXBuildFile; fileRef = CAF9018B229EDAE900B9B847 /* LaunchScreen.storyboard */; };
		CAF90198229EDAE900B9B847 /* ClearScoreTests.swift in Sources */ = {isa = PBXBuildFile; fileRef = CAF90197229EDAE900B9B847 /* ClearScoreTests.swift */; };
		CAF901A9229EDF8600B9B847 /* RxCocoa.framework in Frameworks */ = {isa = PBXBuildFile; fileRef = CAF901A4229EDF8600B9B847 /* RxCocoa.framework */; };
		CAF901AA229EDF8600B9B847 /* Moya.framework in Frameworks */ = {isa = PBXBuildFile; fileRef = CAF901A5229EDF8600B9B847 /* Moya.framework */; };
		CAF901AB229EDF8600B9B847 /* RxSwift.framework in Frameworks */ = {isa = PBXBuildFile; fileRef = CAF901A6229EDF8600B9B847 /* RxSwift.framework */; };
		CAF901AC229EDF8600B9B847 /* RxGesture.framework in Frameworks */ = {isa = PBXBuildFile; fileRef = CAF901A7229EDF8600B9B847 /* RxGesture.framework */; };
		CAF901B4229EE32600B9B847 /* CreditScoreAPI.swift in Sources */ = {isa = PBXBuildFile; fileRef = CAF901B3229EE32600B9B847 /* CreditScoreAPI.swift */; };
		CAF901B5229EE65B00B9B847 /* Moya.framework in Frameworks */ = {isa = PBXBuildFile; fileRef = CAF901A5229EDF8600B9B847 /* Moya.framework */; };
		CAF901B7229EE70700B9B847 /* CreditScore.swift in Sources */ = {isa = PBXBuildFile; fileRef = CAF901B6229EE70700B9B847 /* CreditScore.swift */; };
		CAF901B8229EE70700B9B847 /* CreditScore.swift in Sources */ = {isa = PBXBuildFile; fileRef = CAF901B6229EE70700B9B847 /* CreditScore.swift */; };
		CAF901BA229EEA0C00B9B847 /* RequestManager.swift in Sources */ = {isa = PBXBuildFile; fileRef = CAF901B9229EEA0C00B9B847 /* RequestManager.swift */; };
		CAF901BD229EED9C00B9B847 /* Mocks.swift in Sources */ = {isa = PBXBuildFile; fileRef = CAF901BC229EED9C00B9B847 /* Mocks.swift */; };
		CAF901BE229EEDEE00B9B847 /* RxSwift.framework in Frameworks */ = {isa = PBXBuildFile; fileRef = CAF901A6229EDF8600B9B847 /* RxSwift.framework */; };
		CAF901C0229EF00E00B9B847 /* Alamofire.framework in Frameworks */ = {isa = PBXBuildFile; fileRef = CAF901BF229EF00E00B9B847 /* Alamofire.framework */; };
		CAF901C1229EF02C00B9B847 /* Alamofire.framework in Frameworks */ = {isa = PBXBuildFile; fileRef = CAF901BF229EF00E00B9B847 /* Alamofire.framework */; };
		CAF901C3229EF12A00B9B847 /* Result.framework in Frameworks */ = {isa = PBXBuildFile; fileRef = CAF901C2229EF12A00B9B847 /* Result.framework */; };
		CAF901C5229F009500B9B847 /* ScoreViewController.swift in Sources */ = {isa = PBXBuildFile; fileRef = CAF901C4229F009500B9B847 /* ScoreViewController.swift */; };
		CAF901C7229F00D200B9B847 /* ScoreViewModel.swift in Sources */ = {isa = PBXBuildFile; fileRef = CAF901C6229F00D200B9B847 /* ScoreViewModel.swift */; };
		CAF901C8229F00D200B9B847 /* ScoreViewModel.swift in Sources */ = {isa = PBXBuildFile; fileRef = CAF901C6229F00D200B9B847 /* ScoreViewModel.swift */; };
		CAF901CA229F1F5500B9B847 /* ScoreDecoder.swift in Sources */ = {isa = PBXBuildFile; fileRef = CAF901C9229F1F5500B9B847 /* ScoreDecoder.swift */; };
		CAF901CB229F1F5500B9B847 /* ScoreDecoder.swift in Sources */ = {isa = PBXBuildFile; fileRef = CAF901C9229F1F5500B9B847 /* ScoreDecoder.swift */; };
		CAF901CC229F206E00B9B847 /* RequestManager.swift in Sources */ = {isa = PBXBuildFile; fileRef = CAF901B9229EEA0C00B9B847 /* RequestManager.swift */; };
		CAF901CD229F208600B9B847 /* CreditScoreAPI.swift in Sources */ = {isa = PBXBuildFile; fileRef = CAF901B3229EE32600B9B847 /* CreditScoreAPI.swift */; };
		CAF901D0229FEFE400B9B847 /* Extensions.swift in Sources */ = {isa = PBXBuildFile; fileRef = CAF901CF229FEFE400B9B847 /* Extensions.swift */; };
/* End PBXBuildFile section */

/* Begin PBXContainerItemProxy section */
		CAF90194229EDAE900B9B847 /* PBXContainerItemProxy */ = {
			isa = PBXContainerItemProxy;
			containerPortal = CAF90177229EDAE700B9B847 /* Project object */;
			proxyType = 1;
			remoteGlobalIDString = CAF9017E229EDAE700B9B847;
			remoteInfo = ClearScore;
		};
/* End PBXContainerItemProxy section */

/* Begin PBXFileReference section */
		CAF9017F229EDAE700B9B847 /* ClearScore.app */ = {isa = PBXFileReference; explicitFileType = wrapper.application; includeInIndex = 0; path = ClearScore.app; sourceTree = BUILT_PRODUCTS_DIR; };
		CAF90182229EDAE700B9B847 /* AppDelegate.swift */ = {isa = PBXFileReference; lastKnownFileType = sourcecode.swift; path = AppDelegate.swift; sourceTree = "<group>"; };
		CAF90187229EDAE700B9B847 /* Base */ = {isa = PBXFileReference; lastKnownFileType = file.storyboard; name = Base; path = Base.lproj/Main.storyboard; sourceTree = "<group>"; };
		CAF90189229EDAE900B9B847 /* Assets.xcassets */ = {isa = PBXFileReference; lastKnownFileType = folder.assetcatalog; path = Assets.xcassets; sourceTree = "<group>"; };
		CAF9018C229EDAE900B9B847 /* Base */ = {isa = PBXFileReference; lastKnownFileType = file.storyboard; name = Base; path = Base.lproj/LaunchScreen.storyboard; sourceTree = "<group>"; };
		CAF9018E229EDAE900B9B847 /* Info.plist */ = {isa = PBXFileReference; lastKnownFileType = text.plist.xml; path = Info.plist; sourceTree = "<group>"; };
		CAF90193229EDAE900B9B847 /* ClearScoreTests.xctest */ = {isa = PBXFileReference; explicitFileType = wrapper.cfbundle; includeInIndex = 0; path = ClearScoreTests.xctest; sourceTree = BUILT_PRODUCTS_DIR; };
		CAF90197229EDAE900B9B847 /* ClearScoreTests.swift */ = {isa = PBXFileReference; lastKnownFileType = sourcecode.swift; path = ClearScoreTests.swift; sourceTree = "<group>"; };
		CAF90199229EDAE900B9B847 /* Info.plist */ = {isa = PBXFileReference; lastKnownFileType = text.plist.xml; path = Info.plist; sourceTree = "<group>"; };
		CAF901A3229EDF8600B9B847 /* RxTest.framework */ = {isa = PBXFileReference; lastKnownFileType = wrapper.framework; name = RxTest.framework; path = Carthage/Build/iOS/RxTest.framework; sourceTree = "<group>"; };
		CAF901A4229EDF8600B9B847 /* RxCocoa.framework */ = {isa = PBXFileReference; lastKnownFileType = wrapper.framework; name = RxCocoa.framework; path = Carthage/Build/iOS/RxCocoa.framework; sourceTree = "<group>"; };
		CAF901A5229EDF8600B9B847 /* Moya.framework */ = {isa = PBXFileReference; lastKnownFileType = wrapper.framework; name = Moya.framework; path = Carthage/Build/iOS/Moya.framework; sourceTree = "<group>"; };
		CAF901A6229EDF8600B9B847 /* RxSwift.framework */ = {isa = PBXFileReference; lastKnownFileType = wrapper.framework; name = RxSwift.framework; path = Carthage/Build/iOS/RxSwift.framework; sourceTree = "<group>"; };
		CAF901A7229EDF8600B9B847 /* RxGesture.framework */ = {isa = PBXFileReference; lastKnownFileType = wrapper.framework; name = RxGesture.framework; path = Carthage/Build/iOS/RxGesture.framework; sourceTree = "<group>"; };
		CAF901AF229EE29900B9B847 /* RxMoya.framework */ = {isa = PBXFileReference; lastKnownFileType = wrapper.framework; name = RxMoya.framework; path = Carthage/Build/iOS/RxMoya.framework; sourceTree = "<group>"; };
		CAF901B3229EE32600B9B847 /* CreditScoreAPI.swift */ = {isa = PBXFileReference; lastKnownFileType = sourcecode.swift; path = CreditScoreAPI.swift; sourceTree = "<group>"; };
		CAF901B6229EE70700B9B847 /* CreditScore.swift */ = {isa = PBXFileReference; lastKnownFileType = sourcecode.swift; path = CreditScore.swift; sourceTree = "<group>"; };
		CAF901B9229EEA0C00B9B847 /* RequestManager.swift */ = {isa = PBXFileReference; lastKnownFileType = sourcecode.swift; path = RequestManager.swift; sourceTree = "<group>"; };
		CAF901BC229EED9C00B9B847 /* Mocks.swift */ = {isa = PBXFileReference; lastKnownFileType = sourcecode.swift; path = Mocks.swift; sourceTree = "<group>"; };
		CAF901BF229EF00E00B9B847 /* Alamofire.framework */ = {isa = PBXFileReference; lastKnownFileType = wrapper.framework; name = Alamofire.framework; path = Carthage/Build/iOS/Alamofire.framework; sourceTree = "<group>"; };
		CAF901C2229EF12A00B9B847 /* Result.framework */ = {isa = PBXFileReference; lastKnownFileType = wrapper.framework; name = Result.framework; path = Carthage/Build/iOS/Result.framework; sourceTree = "<group>"; };
		CAF901C4229F009500B9B847 /* ScoreViewController.swift */ = {isa = PBXFileReference; lastKnownFileType = sourcecode.swift; path = ScoreViewController.swift; sourceTree = "<group>"; };
		CAF901C6229F00D200B9B847 /* ScoreViewModel.swift */ = {isa = PBXFileReference; lastKnownFileType = sourcecode.swift; path = ScoreViewModel.swift; sourceTree = "<group>"; };
		CAF901C9229F1F5500B9B847 /* ScoreDecoder.swift */ = {isa = PBXFileReference; lastKnownFileType = sourcecode.swift; path = ScoreDecoder.swift; sourceTree = "<group>"; };
		CAF901CF229FEFE400B9B847 /* Extensions.swift */ = {isa = PBXFileReference; lastKnownFileType = sourcecode.swift; path = Extensions.swift; sourceTree = "<group>"; };
/* End PBXFileReference section */

/* Begin PBXFrameworksBuildPhase section */
		CAF9017C229EDAE700B9B847 /* Frameworks */ = {
			isa = PBXFrameworksBuildPhase;
			buildActionMask = 2147483647;
			files = (
				CAF901A9229EDF8600B9B847 /* RxCocoa.framework in Frameworks */,
				CAF901AA229EDF8600B9B847 /* Moya.framework in Frameworks */,
				CAF901C3229EF12A00B9B847 /* Result.framework in Frameworks */,
				CAF901C0229EF00E00B9B847 /* Alamofire.framework in Frameworks */,
				CAF901AB229EDF8600B9B847 /* RxSwift.framework in Frameworks */,
				CAF901AC229EDF8600B9B847 /* RxGesture.framework in Frameworks */,
			);
			runOnlyForDeploymentPostprocessing = 0;
		};
		CAF90190229EDAE900B9B847 /* Frameworks */ = {
			isa = PBXFrameworksBuildPhase;
			buildActionMask = 2147483647;
			files = (
				CAF901B5229EE65B00B9B847 /* Moya.framework in Frameworks */,
				CAF901C1229EF02C00B9B847 /* Alamofire.framework in Frameworks */,
				CAF901BE229EEDEE00B9B847 /* RxSwift.framework in Frameworks */,
			);
			runOnlyForDeploymentPostprocessing = 0;
		};
/* End PBXFrameworksBuildPhase section */

/* Begin PBXGroup section */
		CAF90176229EDAE700B9B847 = {
			isa = PBXGroup;
			children = (
				CAF90181229EDAE700B9B847 /* ClearScore */,
				CAF90196229EDAE900B9B847 /* ClearScoreTests */,
				CAF90180229EDAE700B9B847 /* Products */,
				CAF901A2229EDF8600B9B847 /* Frameworks */,
			);
			sourceTree = "<group>";
		};
		CAF90180229EDAE700B9B847 /* Products */ = {
			isa = PBXGroup;
			children = (
				CAF9017F229EDAE700B9B847 /* ClearScore.app */,
				CAF90193229EDAE900B9B847 /* ClearScoreTests.xctest */,
			);
			name = Products;
			sourceTree = "<group>";
		};
		CAF90181229EDAE700B9B847 /* ClearScore */ = {
			isa = PBXGroup;
			children = (
				CAF901CE229FEFCE00B9B847 /* Utilities */,
				CAF901B2229EE2AE00B9B847 /* ViewControllers */,
				CAF901B1229EE2A500B9B847 /* Models */,
				CAF90182229EDAE700B9B847 /* AppDelegate.swift */,
				CAF90186229EDAE700B9B847 /* Main.storyboard */,
				CAF90189229EDAE900B9B847 /* Assets.xcassets */,
				CAF9018B229EDAE900B9B847 /* LaunchScreen.storyboard */,
				CAF9018E229EDAE900B9B847 /* Info.plist */,
			);
			path = ClearScore;
			sourceTree = "<group>";
		};
		CAF90196229EDAE900B9B847 /* ClearScoreTests */ = {
			isa = PBXGroup;
			children = (
				CAF90197229EDAE900B9B847 /* ClearScoreTests.swift */,
				CAF90199229EDAE900B9B847 /* Info.plist */,
				CAF901BC229EED9C00B9B847 /* Mocks.swift */,
			);
			path = ClearScoreTests;
			sourceTree = "<group>";
		};
		CAF901A2229EDF8600B9B847 /* Frameworks */ = {
			isa = PBXGroup;
			children = (
				CAF901C2229EF12A00B9B847 /* Result.framework */,
				CAF901BF229EF00E00B9B847 /* Alamofire.framework */,
				CAF901AF229EE29900B9B847 /* RxMoya.framework */,
				CAF901A5229EDF8600B9B847 /* Moya.framework */,
				CAF901A4229EDF8600B9B847 /* RxCocoa.framework */,
				CAF901A7229EDF8600B9B847 /* RxGesture.framework */,
				CAF901A6229EDF8600B9B847 /* RxSwift.framework */,
				CAF901A3229EDF8600B9B847 /* RxTest.framework */,
			);
			name = Frameworks;
			sourceTree = "<group>";
		};
		CAF901B1229EE2A500B9B847 /* Models */ = {
			isa = PBXGroup;
			children = (
				CAF901B3229EE32600B9B847 /* CreditScoreAPI.swift */,
				CAF901B6229EE70700B9B847 /* CreditScore.swift */,
				CAF901B9229EEA0C00B9B847 /* RequestManager.swift */,
				CAF901C6229F00D200B9B847 /* ScoreViewModel.swift */,
				CAF901C9229F1F5500B9B847 /* ScoreDecoder.swift */,
			);
			path = Models;
			sourceTree = "<group>";
		};
		CAF901B2229EE2AE00B9B847 /* ViewControllers */ = {
			isa = PBXGroup;
			children = (
				CAF901C4229F009500B9B847 /* ScoreViewController.swift */,
			);
			path = ViewControllers;
			sourceTree = "<group>";
		};
		CAF901CE229FEFCE00B9B847 /* Utilities */ = {
			isa = PBXGroup;
			children = (
				CAF901CF229FEFE400B9B847 /* Extensions.swift */,
			);
			path = Utilities;
			sourceTree = "<group>";
		};
/* End PBXGroup section */

/* Begin PBXNativeTarget section */
		CAF9017E229EDAE700B9B847 /* ClearScore */ = {
			isa = PBXNativeTarget;
			buildConfigurationList = CAF9019C229EDAE900B9B847 /* Build configuration list for PBXNativeTarget "ClearScore" */;
			buildPhases = (
				CAF9017B229EDAE700B9B847 /* Sources */,
				CAF9017C229EDAE700B9B847 /* Frameworks */,
				CAF9017D229EDAE700B9B847 /* Resources */,
				CAF901AD229EDFAF00B9B847 /* ShellScript */,
			);
			buildRules = (
			);
			dependencies = (
			);
			name = ClearScore;
			productName = ClearScore;
			productReference = CAF9017F229EDAE700B9B847 /* ClearScore.app */;
			productType = "com.apple.product-type.application";
		};
		CAF90192229EDAE900B9B847 /* ClearScoreTests */ = {
			isa = PBXNativeTarget;
			buildConfigurationList = CAF9019F229EDAE900B9B847 /* Build configuration list for PBXNativeTarget "ClearScoreTests" */;
			buildPhases = (
				CAF9018F229EDAE900B9B847 /* Sources */,
				CAF90190229EDAE900B9B847 /* Frameworks */,
				CAF90191229EDAE900B9B847 /* Resources */,
			);
			buildRules = (
			);
			dependencies = (
				CAF90195229EDAE900B9B847 /* PBXTargetDependency */,
			);
			name = ClearScoreTests;
			productName = ClearScoreTests;
			productReference = CAF90193229EDAE900B9B847 /* ClearScoreTests.xctest */;
			productType = "com.apple.product-type.bundle.unit-test";
		};
/* End PBXNativeTarget section */

/* Begin PBXProject section */
		CAF90177229EDAE700B9B847 /* Project object */ = {
			isa = PBXProject;
			attributes = {
				LastSwiftUpdateCheck = 1020;
				LastUpgradeCheck = 1020;
				ORGANIZATIONNAME = "Alex Dearden";
				TargetAttributes = {
					CAF9017E229EDAE700B9B847 = {
						CreatedOnToolsVersion = 10.2.1;
					};
					CAF90192229EDAE900B9B847 = {
						CreatedOnToolsVersion = 10.2.1;
						TestTargetID = CAF9017E229EDAE700B9B847;
					};
				};
			};
			buildConfigurationList = CAF9017A229EDAE700B9B847 /* Build configuration list for PBXProject "ClearScore" */;
			compatibilityVersion = "Xcode 9.3";
			developmentRegion = en;
			hasScannedForEncodings = 0;
			knownRegions = (
				en,
				Base,
			);
			mainGroup = CAF90176229EDAE700B9B847;
			productRefGroup = CAF90180229EDAE700B9B847 /* Products */;
			projectDirPath = "";
			projectRoot = "";
			targets = (
				CAF9017E229EDAE700B9B847 /* ClearScore */,
				CAF90192229EDAE900B9B847 /* ClearScoreTests */,
			);
		};
/* End PBXProject section */

/* Begin PBXResourcesBuildPhase section */
		CAF9017D229EDAE700B9B847 /* Resources */ = {
			isa = PBXResourcesBuildPhase;
			buildActionMask = 2147483647;
			files = (
				CAF9018D229EDAE900B9B847 /* LaunchScreen.storyboard in Resources */,
				CAF9018A229EDAE900B9B847 /* Assets.xcassets in Resources */,
				CAF90188229EDAE700B9B847 /* Main.storyboard in Resources */,
			);
			runOnlyForDeploymentPostprocessing = 0;
		};
		CAF90191229EDAE900B9B847 /* Resources */ = {
			isa = PBXResourcesBuildPhase;
			buildActionMask = 2147483647;
			files = (
			);
			runOnlyForDeploymentPostprocessing = 0;
		};
/* End PBXResourcesBuildPhase section */

/* Begin PBXShellScriptBuildPhase section */
		CAF901AD229EDFAF00B9B847 /* ShellScript */ = {
			isa = PBXShellScriptBuildPhase;
			buildActionMask = 2147483647;
			files = (
			);
			inputFileListPaths = (
			);
			inputPaths = (
				"$(SRCROOT)/Carthage/Build/iOS/Moya.framework",
				"$(SRCROOT)/Carthage/Build/iOS/RxCocoa.framework",
				"$(SRCROOT)/Carthage/Build/iOS/RxGesture.framework",
				"$(SRCROOT)/Carthage/Build/iOS/RxSwift.framework",
				"$(SRCROOT)/Carthage/Build/iOS/Alamofire.framework",
				"$(SRCROOT)/Carthage/Build/iOS/Result.framework",
			);
			outputFileListPaths = (
			);
			outputPaths = (
				"$(DERIVED_FILE_DIR)/Moya.framework",
				"$(DERIVED_FILE_DIR)/RxCocoa.framework",
				"$(DERIVED_FILE_DIR)/RxGesture.framework",
				"$(DERIVED_FILE_DIR)/RxSwift.framework",
				"$(DERIVED_FILE_DIR)/Alamofire.framework",
			);
			runOnlyForDeploymentPostprocessing = 0;
			shellPath = /bin/sh;
			shellScript = "/usr/local/bin/carthage copy-frameworks\n";
		};
/* End PBXShellScriptBuildPhase section */

/* Begin PBXSourcesBuildPhase section */
		CAF9017B229EDAE700B9B847 /* Sources */ = {
			isa = PBXSourcesBuildPhase;
			buildActionMask = 2147483647;
			files = (
				CAF901BA229EEA0C00B9B847 /* RequestManager.swift in Sources */,
				CAF901B4229EE32600B9B847 /* CreditScoreAPI.swift in Sources */,
				CAF901C5229F009500B9B847 /* ScoreViewController.swift in Sources */,
				CAF901D0229FEFE400B9B847 /* Extensions.swift in Sources */,
				CAF901C7229F00D200B9B847 /* ScoreViewModel.swift in Sources */,
				CAF901CA229F1F5500B9B847 /* ScoreDecoder.swift in Sources */,
				CAF90183229EDAE700B9B847 /* AppDelegate.swift in Sources */,
				CAF901B7229EE70700B9B847 /* CreditScore.swift in Sources */,
			);
			runOnlyForDeploymentPostprocessing = 0;
		};
		CAF9018F229EDAE900B9B847 /* Sources */ = {
			isa = PBXSourcesBuildPhase;
			buildActionMask = 2147483647;
			files = (
				CAF901C8229F00D200B9B847 /* ScoreViewModel.swift in Sources */,
				CAF90198229EDAE900B9B847 /* ClearScoreTests.swift in Sources */,
				CAF901B8229EE70700B9B847 /* CreditScore.swift in Sources */,
				CAF901CC229F206E00B9B847 /* RequestManager.swift in Sources */,
				CAF901BD229EED9C00B9B847 /* Mocks.swift in Sources */,
				CAF901CD229F208600B9B847 /* CreditScoreAPI.swift in Sources */,
				CAF901CB229F1F5500B9B847 /* ScoreDecoder.swift in Sources */,
			);
			runOnlyForDeploymentPostprocessing = 0;
		};
/* End PBXSourcesBuildPhase section */

/* Begin PBXTargetDependency section */
		CAF90195229EDAE900B9B847 /* PBXTargetDependency */ = {
			isa = PBXTargetDependency;
			target = CAF9017E229EDAE700B9B847 /* ClearScore */;
			targetProxy = CAF90194229EDAE900B9B847 /* PBXContainerItemProxy */;
		};
/* End PBXTargetDependency section */

/* Begin PBXVariantGroup section */
		CAF90186229EDAE700B9B847 /* Main.storyboard */ = {
			isa = PBXVariantGroup;
			children = (
				CAF90187229EDAE700B9B847 /* Base */,
			);
			name = Main.storyboard;
			sourceTree = "<group>";
		};
		CAF9018B229EDAE900B9B847 /* LaunchScreen.storyboard */ = {
			isa = PBXVariantGroup;
			children = (
				CAF9018C229EDAE900B9B847 /* Base */,
			);
			name = LaunchScreen.storyboard;
			sourceTree = "<group>";
		};
/* End PBXVariantGroup section */

/* Begin XCBuildConfiguration section */
		CAF9019A229EDAE900B9B847 /* Debug */ = {
			isa = XCBuildConfiguration;
			buildSettings = {
				ALWAYS_SEARCH_USER_PATHS = NO;
				CLANG_ANALYZER_NONNULL = YES;
				CLANG_ANALYZER_NUMBER_OBJECT_CONVERSION = YES_AGGRESSIVE;
				CLANG_CXX_LANGUAGE_STANDARD = "gnu++14";
				CLANG_CXX_LIBRARY = "libc++";
				CLANG_ENABLE_MODULES = YES;
				CLANG_ENABLE_OBJC_ARC = YES;
				CLANG_ENABLE_OBJC_WEAK = YES;
				CLANG_WARN_BLOCK_CAPTURE_AUTORELEASING = YES;
				CLANG_WARN_BOOL_CONVERSION = YES;
				CLANG_WARN_COMMA = YES;
				CLANG_WARN_CONSTANT_CONVERSION = YES;
				CLANG_WARN_DEPRECATED_OBJC_IMPLEMENTATIONS = YES;
				CLANG_WARN_DIRECT_OBJC_ISA_USAGE = YES_ERROR;
				CLANG_WARN_DOCUMENTATION_COMMENTS = YES;
				CLANG_WARN_EMPTY_BODY = YES;
				CLANG_WARN_ENUM_CONVERSION = YES;
				CLANG_WARN_INFINITE_RECURSION = YES;
				CLANG_WARN_INT_CONVERSION = YES;
				CLANG_WARN_NON_LITERAL_NULL_CONVERSION = YES;
				CLANG_WARN_OBJC_IMPLICIT_RETAIN_SELF = YES;
				CLANG_WARN_OBJC_LITERAL_CONVERSION = YES;
				CLANG_WARN_OBJC_ROOT_CLASS = YES_ERROR;
				CLANG_WARN_RANGE_LOOP_ANALYSIS = YES;
				CLANG_WARN_STRICT_PROTOTYPES = YES;
				CLANG_WARN_SUSPICIOUS_MOVE = YES;
				CLANG_WARN_UNGUARDED_AVAILABILITY = YES_AGGRESSIVE;
				CLANG_WARN_UNREACHABLE_CODE = YES;
				CLANG_WARN__DUPLICATE_METHOD_MATCH = YES;
				CODE_SIGN_IDENTITY = "iPhone Developer";
				COPY_PHASE_STRIP = NO;
				DEBUG_INFORMATION_FORMAT = dwarf;
				ENABLE_STRICT_OBJC_MSGSEND = YES;
				ENABLE_TESTABILITY = YES;
				GCC_C_LANGUAGE_STANDARD = gnu11;
				GCC_DYNAMIC_NO_PIC = NO;
				GCC_NO_COMMON_BLOCKS = YES;
				GCC_OPTIMIZATION_LEVEL = 0;
				GCC_PREPROCESSOR_DEFINITIONS = (
					"DEBUG=1",
					"$(inherited)",
				);
				GCC_WARN_64_TO_32_BIT_CONVERSION = YES;
				GCC_WARN_ABOUT_RETURN_TYPE = YES_ERROR;
				GCC_WARN_UNDECLARED_SELECTOR = YES;
				GCC_WARN_UNINITIALIZED_AUTOS = YES_AGGRESSIVE;
				GCC_WARN_UNUSED_FUNCTION = YES;
				GCC_WARN_UNUSED_VARIABLE = YES;
				IPHONEOS_DEPLOYMENT_TARGET = 12.2;
				MTL_ENABLE_DEBUG_INFO = INCLUDE_SOURCE;
				MTL_FAST_MATH = YES;
				ONLY_ACTIVE_ARCH = YES;
				SDKROOT = iphoneos;
				SWIFT_ACTIVE_COMPILATION_CONDITIONS = DEBUG;
				SWIFT_OPTIMIZATION_LEVEL = "-Onone";
			};
			name = Debug;
		};
		CAF9019B229EDAE900B9B847 /* Release */ = {
			isa = XCBuildConfiguration;
			buildSettings = {
				ALWAYS_SEARCH_USER_PATHS = NO;
				CLANG_ANALYZER_NONNULL = YES;
				CLANG_ANALYZER_NUMBER_OBJECT_CONVERSION = YES_AGGRESSIVE;
				CLANG_CXX_LANGUAGE_STANDARD = "gnu++14";
				CLANG_CXX_LIBRARY = "libc++";
				CLANG_ENABLE_MODULES = YES;
				CLANG_ENABLE_OBJC_ARC = YES;
				CLANG_ENABLE_OBJC_WEAK = YES;
				CLANG_WARN_BLOCK_CAPTURE_AUTORELEASING = YES;
				CLANG_WARN_BOOL_CONVERSION = YES;
				CLANG_WARN_COMMA = YES;
				CLANG_WARN_CONSTANT_CONVERSION = YES;
				CLANG_WARN_DEPRECATED_OBJC_IMPLEMENTATIONS = YES;
				CLANG_WARN_DIRECT_OBJC_ISA_USAGE = YES_ERROR;
				CLANG_WARN_DOCUMENTATION_COMMENTS = YES;
				CLANG_WARN_EMPTY_BODY = YES;
				CLANG_WARN_ENUM_CONVERSION = YES;
				CLANG_WARN_INFINITE_RECURSION = YES;
				CLANG_WARN_INT_CONVERSION = YES;
				CLANG_WARN_NON_LITERAL_NULL_CONVERSION = YES;
				CLANG_WARN_OBJC_IMPLICIT_RETAIN_SELF = YES;
				CLANG_WARN_OBJC_LITERAL_CONVERSION = YES;
				CLANG_WARN_OBJC_ROOT_CLASS = YES_ERROR;
				CLANG_WARN_RANGE_LOOP_ANALYSIS = YES;
				CLANG_WARN_STRICT_PROTOTYPES = YES;
				CLANG_WARN_SUSPICIOUS_MOVE = YES;
				CLANG_WARN_UNGUARDED_AVAILABILITY = YES_AGGRESSIVE;
				CLANG_WARN_UNREACHABLE_CODE = YES;
				CLANG_WARN__DUPLICATE_METHOD_MATCH = YES;
				CODE_SIGN_IDENTITY = "iPhone Developer";
				COPY_PHASE_STRIP = NO;
				DEBUG_INFORMATION_FORMAT = "dwarf-with-dsym";
				ENABLE_NS_ASSERTIONS = NO;
				ENABLE_STRICT_OBJC_MSGSEND = YES;
				GCC_C_LANGUAGE_STANDARD = gnu11;
				GCC_NO_COMMON_BLOCKS = YES;
				GCC_WARN_64_TO_32_BIT_CONVERSION = YES;
				GCC_WARN_ABOUT_RETURN_TYPE = YES_ERROR;
				GCC_WARN_UNDECLARED_SELECTOR = YES;
				GCC_WARN_UNINITIALIZED_AUTOS = YES_AGGRESSIVE;
				GCC_WARN_UNUSED_FUNCTION = YES;
				GCC_WARN_UNUSED_VARIABLE = YES;
				IPHONEOS_DEPLOYMENT_TARGET = 12.2;
				MTL_ENABLE_DEBUG_INFO = NO;
				MTL_FAST_MATH = YES;
				SDKROOT = iphoneos;
				SWIFT_COMPILATION_MODE = wholemodule;
				SWIFT_OPTIMIZATION_LEVEL = "-O";
				VALIDATE_PRODUCT = YES;
			};
			name = Release;
		};
		CAF9019D229EDAE900B9B847 /* Debug */ = {
			isa = XCBuildConfiguration;
			buildSettings = {
				ASSETCATALOG_COMPILER_APPICON_NAME = AppIcon;
				CODE_SIGN_STYLE = Automatic;
				DEVELOPMENT_TEAM = 99P58JGMRN;
				FRAMEWORK_SEARCH_PATHS = (
					"$(inherited)",
					"$(PROJECT_DIR)/Carthage/Build/iOS",
				);
				INFOPLIST_FILE = ClearScore/Info.plist;
				LD_RUNPATH_SEARCH_PATHS = (
					"$(inherited)",
					"@executable_path/Frameworks",
				);
				PRODUCT_BUNDLE_IDENTIFIER = com.alex.ClearScore;
				PRODUCT_NAME = "$(TARGET_NAME)";
				SWIFT_VERSION = 5.0;
				TARGETED_DEVICE_FAMILY = "1,2";
			};
			name = Debug;
		};
		CAF9019E229EDAE900B9B847 /* Release */ = {
			isa = XCBuildConfiguration;
			buildSettings = {
				ASSETCATALOG_COMPILER_APPICON_NAME = AppIcon;
				CODE_SIGN_STYLE = Automatic;
				DEVELOPMENT_TEAM = 99P58JGMRN;
				FRAMEWORK_SEARCH_PATHS = (
					"$(inherited)",
					"$(PROJECT_DIR)/Carthage/Build/iOS",
				);
				INFOPLIST_FILE = ClearScore/Info.plist;
				LD_RUNPATH_SEARCH_PATHS = (
					"$(inherited)",
					"@executable_path/Frameworks",
				);
				PRODUCT_BUNDLE_IDENTIFIER = com.alex.ClearScore;
				PRODUCT_NAME = "$(TARGET_NAME)";
				SWIFT_VERSION = 5.0;
				TARGETED_DEVICE_FAMILY = "1,2";
			};
			name = Release;
		};
		CAF901A0229EDAE900B9B847 /* Debug */ = {
			isa = XCBuildConfiguration;
			buildSettings = {
				ALWAYS_EMBED_SWIFT_STANDARD_LIBRARIES = YES;
				BUNDLE_LOADER = "$(TEST_HOST)";
				CODE_SIGN_STYLE = Automatic;
				DEVELOPMENT_TEAM = 99P58JGMRN;
				FRAMEWORK_SEARCH_PATHS = (
					"$(inherited)",
					"$(PROJECT_DIR)/Carthage/Build/iOS",
				);
				INFOPLIST_FILE = ClearScoreTests/Info.plist;
				LD_RUNPATH_SEARCH_PATHS = (
					"$(inherited)",
					"@executable_path/Frameworks",
					"@loader_path/Frameworks",
				);
				PRODUCT_BUNDLE_IDENTIFIER = com.alex.ClearScoreTests;
				PRODUCT_NAME = "$(TARGET_NAME)";
				SWIFT_VERSION = 5.0;
				TARGETED_DEVICE_FAMILY = "1,2";
				TEST_HOST = "$(BUILT_PRODUCTS_DIR)/ClearScore.app/ClearScore";
			};
			name = Debug;
		};
		CAF901A1229EDAE900B9B847 /* Release */ = {
			isa = XCBuildConfiguration;
			buildSettings = {
				ALWAYS_EMBED_SWIFT_STANDARD_LIBRARIES = YES;
				BUNDLE_LOADER = "$(TEST_HOST)";
				CODE_SIGN_STYLE = Automatic;
				DEVELOPMENT_TEAM = 99P58JGMRN;
				FRAMEWORK_SEARCH_PATHS = (
					"$(inherited)",
					"$(PROJECT_DIR)/Carthage/Build/iOS",
				);
				INFOPLIST_FILE = ClearScoreTests/Info.plist;
				LD_RUNPATH_SEARCH_PATHS = (
					"$(inherited)",
					"@executable_path/Frameworks",
					"@loader_path/Frameworks",
				);
				PRODUCT_BUNDLE_IDENTIFIER = com.alex.ClearScoreTests;
				PRODUCT_NAME = "$(TARGET_NAME)";
				SWIFT_VERSION = 5.0;
				TARGETED_DEVICE_FAMILY = "1,2";
				TEST_HOST = "$(BUILT_PRODUCTS_DIR)/ClearScore.app/ClearScore";
			};
			name = Release;
		};
/* End XCBuildConfiguration section */

/* Begin XCConfigurationList section */
		CAF9017A229EDAE700B9B847 /* Build configuration list for PBXProject "ClearScore" */ = {
			isa = XCConfigurationList;
			buildConfigurations = (
				CAF9019A229EDAE900B9B847 /* Debug */,
				CAF9019B229EDAE900B9B847 /* Release */,
			);
			defaultConfigurationIsVisible = 0;
			defaultConfigurationName = Release;
		};
		CAF9019C229EDAE900B9B847 /* Build configuration list for PBXNativeTarget "ClearScore" */ = {
			isa = XCConfigurationList;
			buildConfigurations = (
				CAF9019D229EDAE900B9B847 /* Debug */,
				CAF9019E229EDAE900B9B847 /* Release */,
			);
			defaultConfigurationIsVisible = 0;
			defaultConfigurationName = Release;
		};
		CAF9019F229EDAE900B9B847 /* Build configuration list for PBXNativeTarget "ClearScoreTests" */ = {
			isa = XCConfigurationList;
			buildConfigurations = (
				CAF901A0229EDAE900B9B847 /* Debug */,
				CAF901A1229EDAE900B9B847 /* Release */,
			);
			defaultConfigurationIsVisible = 0;
			defaultConfigurationName = Release;
		};
/* End XCConfigurationList section */
	};
	rootObject = CAF90177229EDAE700B9B847 /* Project object */;
}
